
Microsoft Visual Studio Solution File, Format Version 12.00
# Visual Studio Version 17
VisualStudioVersion = 17.11.35327.3
MinimumVisualStudioVersion = 10.0.40219.1
Project("{8BC9CEB8-8B4A-11D0-8D11-00A0C91BC942}") = "MatchPuzzleGame", "MatchPuzzleGame\MatchPuzzleGame.vcxproj", "{C44D0411-EF25-44E6-8220-B8B91E68046D}"
EndProject
Global
	GlobalSection(SolutionConfigurationPlatforms) = preSolution
		Debug|x64 = Debug|x64
		Debug|x86 = Debug|x86
		Release|x64 = Release|x64
		Release|x86 = Release|x86
	EndGlobalSection
	GlobalSection(ProjectConfigurationPlatforms) = postSolution
		{C44D0411-EF25-44E6-8220-B8B91E68046D}.Debug|x64.ActiveCfg = Debug|x64
		{C44D0411-EF25-44E6-8220-B8B91E68046D}.Debug|x64.Build.0 = Debug|x64
		{C44D0411-EF25-44E6-8220-B8B91E68046D}.Debug|x86.ActiveCfg = Debug|Win32
		{C44D0411-EF25-44E6-8220-B8B91E68046D}.Debug|x86.Build.0 = Debug|Win32
		{C44D0411-EF25-44E6-8220-B8B91E68046D}.Release|x64.ActiveCfg = Release|x64
		{C44D0411-EF25-44E6-8220-B8B91E68046D}.Release|x64.Build.0 = Release|x64
		{C44D0411-EF25-44E6-8220-B8B91E68046D}.Release|x86.ActiveCfg = Release|Win32
		{C44D0411-EF25-44E6-8220-B8B91E68046D}.Release|x86.Build.0 = Release|Win32
	EndGlobalSection
	GlobalSection(SolutionProperties) = preSolution
		HideSolutionNode = FALSE
	EndGlobalSection
	GlobalSection(ExtensibilityGlobals) = postSolution
		SolutionGuid = {A6E84C62-2A17-407A-B966-220DDCB0BF5E}
	EndGlobalSection
EndGlobal
